
Microsoft Visual Studio Solution File, Format Version 12.00
# Visual Studio Version 17
VisualStudioVersion = 17.4.33103.184
MinimumVisualStudioVersion = 10.0.40219.1
Project("{FAE04EC0-301F-11D3-BF4B-00C04F79EFBC}") = "webapi.inlock_codeFisrt.tarde", "webapi.inlock_codeFisrt.tarde.csproj", "{2690A244-5E51-4967-A37B-FD31A39F1EF3}"
EndProject
Global
	GlobalSection(SolutionConfigurationPlatforms) = preSolution
		Debug|Any CPU = Debug|Any CPU
		Release|Any CPU = Release|Any CPU
	EndGlobalSection
	GlobalSection(ProjectConfigurationPlatforms) = postSolution
		{2690A244-5E51-4967-A37B-FD31A39F1EF3}.Debug|Any CPU.ActiveCfg = Debug|Any CPU
		{2690A244-5E51-4967-A37B-FD31A39F1EF3}.Debug|Any CPU.Build.0 = Debug|Any CPU
		{2690A244-5E51-4967-A37B-FD31A39F1EF3}.Release|Any CPU.ActiveCfg = Release|Any CPU
		{2690A244-5E51-4967-A37B-FD31A39F1EF3}.Release|Any CPU.Build.0 = Release|Any CPU
	EndGlobalSection
	GlobalSection(SolutionProperties) = preSolution
		HideSolutionNode = FALSE
	EndGlobalSection
	GlobalSection(ExtensibilityGlobals) = postSolution
		SolutionGuid = {42078C74-4246-4267-9094-AD7574214A53}
	EndGlobalSection
EndGlobal
